
Microsoft Visual Studio Solution File, Format Version 12.00
# Visual Studio 15
VisualStudioVersion = 15.0.28307.271
MinimumVisualStudioVersion = 10.0.40219.1
Project("{9A19103F-16F7-4668-BE54-9A1E7A4F7556}") = "MyCoreApp", "MyCoreApp\MyCoreApp.csproj", "{8602B939-F837-4BEE-9458-860D156D0BAF}"
EndProject
Project("{FAE04EC0-301F-11D3-BF4B-00C04F79EFBC}") = "MyCoreAppAuth", "MyCoreAppAuth\MyCoreAppAuth.csproj", "{D4597FDB-E18A-4F14-96D5-F00D361D65DC}"
EndProject
Global
	GlobalSection(SolutionConfigurationPlatforms) = preSolution
		Debug|Any CPU = Debug|Any CPU
		Release|Any CPU = Release|Any CPU
	EndGlobalSection
	GlobalSection(ProjectConfigurationPlatforms) = postSolution
		{8602B939-F837-4BEE-9458-860D156D0BAF}.Debug|Any CPU.ActiveCfg = Debug|Any CPU
		{8602B939-F837-4BEE-9458-860D156D0BAF}.Debug|Any CPU.Build.0 = Debug|Any CPU
		{8602B939-F837-4BEE-9458-860D156D0BAF}.Release|Any CPU.ActiveCfg = Release|Any CPU
		{8602B939-F837-4BEE-9458-860D156D0BAF}.Release|Any CPU.Build.0 = Release|Any CPU
		{D4597FDB-E18A-4F14-96D5-F00D361D65DC}.Debug|Any CPU.ActiveCfg = Debug|Any CPU
		{D4597FDB-E18A-4F14-96D5-F00D361D65DC}.Debug|Any CPU.Build.0 = Debug|Any CPU
		{D4597FDB-E18A-4F14-96D5-F00D361D65DC}.Release|Any CPU.ActiveCfg = Release|Any CPU
		{D4597FDB-E18A-4F14-96D5-F00D361D65DC}.Release|Any CPU.Build.0 = Release|Any CPU
	EndGlobalSection
	GlobalSection(SolutionProperties) = preSolution
		HideSolutionNode = FALSE
	EndGlobalSection
	GlobalSection(ExtensibilityGlobals) = postSolution
		SolutionGuid = {6E197703-8A94-4081-BA6C-33B579202ADF}
	EndGlobalSection
EndGlobal
